
Microsoft Visual Studio Solution File, Format Version 12.00
# Visual Studio Version 17
VisualStudioVersion = 17.0.31912.275
MinimumVisualStudioVersion = 10.0.40219.1
Project("{FAE04EC0-301F-11D3-BF4B-00C04F79EFBC}") = "G7CP", "G7CP.csproj", "{A2B9A59D-D95E-4D2C-8699-0900291ABA56}"
EndProject
Global
	GlobalSection(SolutionConfigurationPlatforms) = preSolution
		Debug|Any CPU = Debug|Any CPU
		Release|Any CPU = Release|Any CPU
	EndGlobalSection
	GlobalSection(ProjectConfigurationPlatforms) = postSolution
		{A2B9A59D-D95E-4D2C-8699-0900291ABA56}.Debug|Any CPU.ActiveCfg = Debug|Any CPU
		{A2B9A59D-D95E-4D2C-8699-0900291ABA56}.Debug|Any CPU.Build.0 = Debug|Any CPU
		{A2B9A59D-D95E-4D2C-8699-0900291ABA56}.Release|Any CPU.ActiveCfg = Release|Any CPU
		{A2B9A59D-D95E-4D2C-8699-0900291ABA56}.Release|Any CPU.Build.0 = Release|Any CPU
	EndGlobalSection
	GlobalSection(SolutionProperties) = preSolution
		HideSolutionNode = FALSE
	EndGlobalSection
	GlobalSection(ExtensibilityGlobals) = postSolution
		SolutionGuid = {D078CDE0-E920-40A8-8029-7147BE1CAC44}
	EndGlobalSection
EndGlobal
